
Microsoft Visual Studio Solution File, Format Version 12.00
# Visual Studio Version 16
VisualStudioVersion = 16.0.30330.147
MinimumVisualStudioVersion = 15.0.26124.0
Project("{2150E333-8FDC-42A3-9474-1A3956D46DE8}") = "src", "src", "{393154A9-3ADB-427D-B7BE-978DE247408A}"
EndProject
Project("{9A19103F-16F7-4668-BE54-9A1E7A4F7556}") = "Grillisoft.Configuration.FileExtensions", "src\Grillisoft.Configuration.FileExtensions\Grillisoft.Configuration.FileExtensions.csproj", "{125985A2-276D-45AD-9703-937353ABBEEC}"
EndProject
Project("{9A19103F-16F7-4668-BE54-9A1E7A4F7556}") = "Grillisoft.Configuration.Xml", "src\Grillisoft.Configuration.Xml\Grillisoft.Configuration.Xml.csproj", "{14AA0204-2CDC-4381-B154-B9ECDC31C031}"
EndProject
Project("{2150E333-8FDC-42A3-9474-1A3956D46DE8}") = "test", "test", "{8839A966-BED7-4193-B74B-C89114D52911}"
EndProject
Project("{9A19103F-16F7-4668-BE54-9A1E7A4F7556}") = "Grillisoft.Configuration.Xml.Tests", "test\Grillisoft.Configuration.Xml.Tests\Grillisoft.Configuration.Xml.Tests.csproj", "{5C1B8B88-9FEB-4A06-ADA2-D6C3320F6AA2}"
EndProject
Project("{9A19103F-16F7-4668-BE54-9A1E7A4F7556}") = "Grillisoft.Configuration.Json", "src\Grillisoft.Configuration.Json\Grillisoft.Configuration.Json.csproj", "{7CDD994B-E617-41B8-9AE5-3C41AAAA5BBA}"
EndProject
Project("{9A19103F-16F7-4668-BE54-9A1E7A4F7556}") = "Grillisoft.Configuration.Json.Tests", "test\Grillisoft.Configuration.Json.Tests\Grillisoft.Configuration.Json.Tests.csproj", "{EC8B50C1-1C08-4F83-A0FB-150566F81DB0}"
EndProject
Project("{9A19103F-16F7-4668-BE54-9A1E7A4F7556}") = "Grillisoft.Configuration.Abstractions", "src\Grillisoft.Configuration.Abstractions\Grillisoft.Configuration.Abstractions.csproj", "{73A4DE07-DCFC-494A-9D08-AC61F3999791}"
EndProject
Project("{9A19103F-16F7-4668-BE54-9A1E7A4F7556}") = "Grillisoft.Configuration.RegExParser", "src\Grillisoft.Configuration.RegExParser\Grillisoft.Configuration.RegExParser.csproj", "{D9C5AD57-A5F1-4A6F-95A1-3B6EEF191A91}"
EndProject
Project("{FAE04EC0-301F-11D3-BF4B-00C04F79EFBC}") = "Grillisoft.Configuration.RegExParser.Tests", "test\Grillisoft.Configuration.RegExParser.Tests\Grillisoft.Configuration.RegExParser.Tests.csproj", "{B3722B80-DFCA-4510-8F62-200984DB9FEB}"
EndProject
Global
	GlobalSection(SolutionConfigurationPlatforms) = preSolution
		Debug|Any CPU = Debug|Any CPU
		Debug|x64 = Debug|x64
		Debug|x86 = Debug|x86
		Release|Any CPU = Release|Any CPU
		Release|x64 = Release|x64
		Release|x86 = Release|x86
	EndGlobalSection
	GlobalSection(ProjectConfigurationPlatforms) = postSolution
		{125985A2-276D-45AD-9703-937353ABBEEC}.Debug|Any CPU.ActiveCfg = Debug|Any CPU
		{125985A2-276D-45AD-9703-937353ABBEEC}.Debug|Any CPU.Build.0 = Debug|Any CPU
		{125985A2-276D-45AD-9703-937353ABBEEC}.Debug|x64.ActiveCfg = Debug|Any CPU
		{125985A2-276D-45AD-9703-937353ABBEEC}.Debug|x64.Build.0 = Debug|Any CPU
		{125985A2-276D-45AD-9703-937353ABBEEC}.Debug|x86.ActiveCfg = Debug|Any CPU
		{125985A2-276D-45AD-9703-937353ABBEEC}.Debug|x86.Build.0 = Debug|Any CPU
		{125985A2-276D-45AD-9703-937353ABBEEC}.Release|Any CPU.ActiveCfg = Release|Any CPU
		{125985A2-276D-45AD-9703-937353ABBEEC}.Release|Any CPU.Build.0 = Release|Any CPU
		{125985A2-276D-45AD-9703-937353ABBEEC}.Release|x64.ActiveCfg = Release|Any CPU
		{125985A2-276D-45AD-9703-937353ABBEEC}.Release|x64.Build.0 = Release|Any CPU
		{125985A2-276D-45AD-9703-937353ABBEEC}.Release|x86.ActiveCfg = Release|Any CPU
		{125985A2-276D-45AD-9703-937353ABBEEC}.Release|x86.Build.0 = Release|Any CPU
		{14AA0204-2CDC-4381-B154-B9ECDC31C031}.Debug|Any CPU.ActiveCfg = Debug|Any CPU
		{14AA0204-2CDC-4381-B154-B9ECDC31C031}.Debug|Any CPU.Build.0 = Debug|Any CPU
		{14AA0204-2CDC-4381-B154-B9ECDC31C031}.Debug|x64.ActiveCfg = Debug|Any CPU
		{14AA0204-2CDC-4381-B154-B9ECDC31C031}.Debug|x64.Build.0 = Debug|Any CPU
		{14AA0204-2CDC-4381-B154-B9ECDC31C031}.Debug|x86.ActiveCfg = Debug|Any CPU
		{14AA0204-2CDC-4381-B154-B9ECDC31C031}.Debug|x86.Build.0 = Debug|Any CPU
		{14AA0204-2CDC-4381-B154-B9ECDC31C031}.Release|Any CPU.ActiveCfg = Release|Any CPU
		{14AA0204-2CDC-4381-B154-B9ECDC31C031}.Release|Any CPU.Build.0 = Release|Any CPU
		{14AA0204-2CDC-4381-B154-B9ECDC31C031}.Release|x64.ActiveCfg = Release|Any CPU
		{14AA0204-2CDC-4381-B154-B9ECDC31C031}.Release|x64.Build.0 = Release|Any CPU
		{14AA0204-2CDC-4381-B154-B9ECDC31C031}.Release|x86.ActiveCfg = Release|Any CPU
		{14AA0204-2CDC-4381-B154-B9ECDC31C031}.Release|x86.Build.0 = Release|Any CPU
		{5C1B8B88-9FEB-4A06-ADA2-D6C3320F6AA2}.Debug|Any CPU.ActiveCfg = Debug|Any CPU
		{5C1B8B88-9FEB-4A06-ADA2-D6C3320F6AA2}.Debug|Any CPU.Build.0 = Debug|Any CPU
		{5C1B8B88-9FEB-4A06-ADA2-D6C3320F6AA2}.Debug|x64.ActiveCfg = Debug|Any CPU
		{5C1B8B88-9FEB-4A06-ADA2-D6C3320F6AA2}.Debug|x64.Build.0 = Debug|Any CPU
		{5C1B8B88-9FEB-4A06-ADA2-D6C3320F6AA2}.Debug|x86.ActiveCfg = Debug|Any CPU
		{5C1B8B88-9FEB-4A06-ADA2-D6C3320F6AA2}.Debug|x86.Build.0 = Debug|Any CPU
		{5C1B8B88-9FEB-4A06-ADA2-D6C3320F6AA2}.Release|Any CPU.ActiveCfg = Release|Any CPU
		{5C1B8B88-9FEB-4A06-ADA2-D6C3320F6AA2}.Release|Any CPU.Build.0 = Release|Any CPU
		{5C1B8B88-9FEB-4A06-ADA2-D6C3320F6AA2}.Release|x64.ActiveCfg = Release|Any CPU
		{5C1B8B88-9FEB-4A06-ADA2-D6C3320F6AA2}.Release|x64.Build.0 = Release|Any CPU
		{5C1B8B88-9FEB-4A06-ADA2-D6C3320F6AA2}.Release|x86.ActiveCfg = Release|Any CPU
		{5C1B8B88-9FEB-4A06-ADA2-D6C3320F6AA2}.Release|x86.Build.0 = Release|Any CPU
		{7CDD994B-E617-41B8-9AE5-3C41AAAA5BBA}.Debug|Any CPU.ActiveCfg = Debug|Any CPU
		{7CDD994B-E617-41B8-9AE5-3C41AAAA5BBA}.Debug|Any CPU.Build.0 = Debug|Any CPU
		{7CDD994B-E617-41B8-9AE5-3C41AAAA5BBA}.Debug|x64.ActiveCfg = Debug|Any CPU
		{7CDD994B-E617-41B8-9AE5-3C41AAAA5BBA}.Debug|x64.Build.0 = Debug|Any CPU
		{7CDD994B-E617-41B8-9AE5-3C41AAAA5BBA}.Debug|x86.ActiveCfg = Debug|Any CPU
		{7CDD994B-E617-41B8-9AE5-3C41AAAA5BBA}.Debug|x86.Build.0 = Debug|Any CPU
		{7CDD994B-E617-41B8-9AE5-3C41AAAA5BBA}.Release|Any CPU.ActiveCfg = Release|Any CPU
		{7CDD994B-E617-41B8-9AE5-3C41AAAA5BBA}.Release|Any CPU.Build.0 = Release|Any CPU
		{7CDD994B-E617-41B8-9AE5-3C41AAAA5BBA}.Release|x64.ActiveCfg = Release|Any CPU
		{7CDD994B-E617-41B8-9AE5-3C41AAAA5BBA}.Release|x64.Build.0 = Release|Any CPU
		{7CDD994B-E617-41B8-9AE5-3C41AAAA5BBA}.Release|x86.ActiveCfg = Release|Any CPU
		{7CDD994B-E617-41B8-9AE5-3C41AAAA5BBA}.Release|x86.Build.0 = Release|Any CPU
		{EC8B50C1-1C08-4F83-A0FB-150566F81DB0}.Debug|Any CPU.ActiveCfg = Debug|Any CPU
		{EC8B50C1-1C08-4F83-A0FB-150566F81DB0}.Debug|Any CPU.Build.0 = Debug|Any CPU
		{EC8B50C1-1C08-4F83-A0FB-150566F81DB0}.Debug|x64.ActiveCfg = Debug|Any CPU
		{EC8B50C1-1C08-4F83-A0FB-150566F81DB0}.Debug|x64.Build.0 = Debug|Any CPU
		{EC8B50C1-1C08-4F83-A0FB-150566F81DB0}.Debug|x86.ActiveCfg = Debug|Any CPU
		{EC8B50C1-1C08-4F83-A0FB-150566F81DB0}.Debug|x86.Build.0 = Debug|Any CPU
		{EC8B50C1-1C08-4F83-A0FB-150566F81DB0}.Release|Any CPU.ActiveCfg = Release|Any CPU
		{EC8B50C1-1C08-4F83-A0FB-150566F81DB0}.Release|Any CPU.Build.0 = Release|Any CPU
		{EC8B50C1-1C08-4F83-A0FB-150566F81DB0}.Release|x64.ActiveCfg = Release|Any CPU
		{EC8B50C1-1C08-4F83-A0FB-150566F81DB0}.Release|x64.Build.0 = Release|Any CPU
		{EC8B50C1-1C08-4F83-A0FB-150566F81DB0}.Release|x86.ActiveCfg = Release|Any CPU
		{EC8B50C1-1C08-4F83-A0FB-150566F81DB0}.Release|x86.Build.0 = Release|Any CPU
		{73A4DE07-DCFC-494A-9D08-AC61F3999791}.Debug|Any CPU.ActiveCfg = Debug|Any CPU
		{73A4DE07-DCFC-494A-9D08-AC61F3999791}.Debug|Any CPU.Build.0 = Debug|Any CPU
		{73A4DE07-DCFC-494A-9D08-AC61F3999791}.Debug|x64.ActiveCfg = Debug|Any CPU
		{73A4DE07-DCFC-494A-9D08-AC61F3999791}.Debug|x64.Build.0 = Debug|Any CPU
		{73A4DE07-DCFC-494A-9D08-AC61F3999791}.Debug|x86.ActiveCfg = Debug|Any CPU
		{73A4DE07-DCFC-494A-9D08-AC61F3999791}.Debug|x86.Build.0 = Debug|Any CPU
		{73A4DE07-DCFC-494A-9D08-AC61F3999791}.Release|Any CPU.ActiveCfg = Release|Any CPU
		{73A4DE07-DCFC-494A-9D08-AC61F3999791}.Release|Any CPU.Build.0 = Release|Any CPU
		{73A4DE07-DCFC-494A-9D08-AC61F3999791}.Release|x64.ActiveCfg = Release|Any CPU
		{73A4DE07-DCFC-494A-9D08-AC61F3999791}.Release|x64.Build.0 = Release|Any CPU
		{73A4DE07-DCFC-494A-9D08-AC61F3999791}.Release|x86.ActiveCfg = Release|Any CPU
		{73A4DE07-DCFC-494A-9D08-AC61F3999791}.Release|x86.Build.0 = Release|Any CPU
		{D9C5AD57-A5F1-4A6F-95A1-3B6EEF191A91}.Debug|Any CPU.ActiveCfg = Debug|Any CPU
		{D9C5AD57-A5F1-4A6F-95A1-3B6EEF191A91}.Debug|Any CPU.Build.0 = Debug|Any CPU
		{D9C5AD57-A5F1-4A6F-95A1-3B6EEF191A91}.Debug|x64.ActiveCfg = Debug|Any CPU
		{D9C5AD57-A5F1-4A6F-95A1-3B6EEF191A91}.Debug|x64.Build.0 = Debug|Any CPU
		{D9C5AD57-A5F1-4A6F-95A1-3B6EEF191A91}.Debug|x86.ActiveCfg = Debug|Any CPU
		{D9C5AD57-A5F1-4A6F-95A1-3B6EEF191A91}.Debug|x86.Build.0 = Debug|Any CPU
		{D9C5AD57-A5F1-4A6F-95A1-3B6EEF191A91}.Release|Any CPU.ActiveCfg = Release|Any CPU
		{D9C5AD57-A5F1-4A6F-95A1-3B6EEF191A91}.Release|Any CPU.Build.0 = Release|Any CPU
		{D9C5AD57-A5F1-4A6F-95A1-3B6EEF191A91}.Release|x64.ActiveCfg = Release|Any CPU
		{D9C5AD57-A5F1-4A6F-95A1-3B6EEF191A91}.Release|x64.Build.0 = Release|Any CPU
		{D9C5AD57-A5F1-4A6F-95A1-3B6EEF191A91}.Release|x86.ActiveCfg = Release|Any CPU
		{D9C5AD57-A5F1-4A6F-95A1-3B6EEF191A91}.Release|x86.Build.0 = Release|Any CPU
		{B3722B80-DFCA-4510-8F62-200984DB9FEB}.Debug|Any CPU.ActiveCfg = Debug|Any CPU
		{B3722B80-DFCA-4510-8F62-200984DB9FEB}.Debug|Any CPU.Build.0 = Debug|Any CPU
		{B3722B80-DFCA-4510-8F62-200984DB9FEB}.Debug|x64.ActiveCfg = Debug|Any CPU
		{B3722B80-DFCA-4510-8F62-200984DB9FEB}.Debug|x64.Build.0 = Debug|Any CPU
		{B3722B80-DFCA-4510-8F62-200984DB9FEB}.Debug|x86.ActiveCfg = Debug|Any CPU
		{B3722B80-DFCA-4510-8F62-200984DB9FEB}.Debug|x86.Build.0 = Debug|Any CPU
		{B3722B80-DFCA-4510-8F62-200984DB9FEB}.Release|Any CPU.ActiveCfg = Release|Any CPU
		{B3722B80-DFCA-4510-8F62-200984DB9FEB}.Release|Any CPU.Build.0 = Release|Any CPU
		{B3722B80-DFCA-4510-8F62-200984DB9FEB}.Release|x64.ActiveCfg = Release|Any CPU
		{B3722B80-DFCA-4510-8F62-200984DB9FEB}.Release|x64.Build.0 = Release|Any CPU
		{B3722B80-DFCA-4510-8F62-200984DB9FEB}.Release|x86.ActiveCfg = Release|Any CPU
		{B3722B80-DFCA-4510-8F62-200984DB9FEB}.Release|x86.Build.0 = Release|Any CPU
	EndGlobalSection
	GlobalSection(SolutionProperties) = preSolution
		HideSolutionNode = FALSE
	EndGlobalSection
	GlobalSection(NestedProjects) = preSolution
		{125985A2-276D-45AD-9703-937353ABBEEC} = {393154A9-3ADB-427D-B7BE-978DE247408A}
		{14AA0204-2CDC-4381-B154-B9ECDC31C031} = {393154A9-3ADB-427D-B7BE-978DE247408A}
		{5C1B8B88-9FEB-4A06-ADA2-D6C3320F6AA2} = {8839A966-BED7-4193-B74B-C89114D52911}
		{7CDD994B-E617-41B8-9AE5-3C41AAAA5BBA} = {393154A9-3ADB-427D-B7BE-978DE247408A}
		{EC8B50C1-1C08-4F83-A0FB-150566F81DB0} = {8839A966-BED7-4193-B74B-C89114D52911}
		{73A4DE07-DCFC-494A-9D08-AC61F3999791} = {393154A9-3ADB-427D-B7BE-978DE247408A}
		{D9C5AD57-A5F1-4A6F-95A1-3B6EEF191A91} = {393154A9-3ADB-427D-B7BE-978DE247408A}
		{B3722B80-DFCA-4510-8F62-200984DB9FEB} = {8839A966-BED7-4193-B74B-C89114D52911}
	EndGlobalSection
	GlobalSection(ExtensibilityGlobals) = postSolution
		SolutionGuid = {3C39C8B9-661C-49E4-AD41-84EF10C74B90}
	EndGlobalSection
EndGlobal
